// !$*UTF8*$!
{
	archiveVersion = 1;
	classes = {
	};
	objectVersion = 46;
	objects = {

/* Begin PBXBuildFile section */
		BA7583F91B7B87170048FD6A /* libCryptoboxiOS.a in Frameworks */ = {isa = PBXBuildFile; fileRef = BA7583F61B7B86F00048FD6A /* libCryptoboxiOS.a */; };
		BA7EF9D31B7123E000204A8E /* main.m in Sources */ = {isa = PBXBuildFile; fileRef = BA7EF9D21B7123E000204A8E /* main.m */; };
		BA7EF9D61B7123E000204A8E /* AppDelegate.m in Sources */ = {isa = PBXBuildFile; fileRef = BA7EF9D51B7123E000204A8E /* AppDelegate.m */; };
		BA7EF9D91B7123E000204A8E /* ViewController.m in Sources */ = {isa = PBXBuildFile; fileRef = BA7EF9D81B7123E000204A8E /* ViewController.m */; };
		BA7EF9DC1B7123E000204A8E /* Main.storyboard in Resources */ = {isa = PBXBuildFile; fileRef = BA7EF9DA1B7123E000204A8E /* Main.storyboard */; };
		BA7EF9DE1B7123E000204A8E /* Images.xcassets in Resources */ = {isa = PBXBuildFile; fileRef = BA7EF9DD1B7123E000204A8E /* Images.xcassets */; };
		BA7EF9E11B7123E000204A8E /* LaunchScreen.xib in Resources */ = {isa = PBXBuildFile; fileRef = BA7EF9DF1B7123E000204A8E /* LaunchScreen.xib */; };
		BA7EF9ED1B7123E100204A8E /* CryptoboxExampleTests.m in Sources */ = {isa = PBXBuildFile; fileRef = BA7EF9EC1B7123E100204A8E /* CryptoboxExampleTests.m */; };
/* End PBXBuildFile section */

/* Begin PBXContainerItemProxy section */
		BA7583F51B7B86F00048FD6A /* PBXContainerItemProxy */ = {
			isa = PBXContainerItemProxy;
			containerPortal = BA7583EF1B7B86F00048FD6A /* Cryptobox.xcodeproj */;
			proxyType = 2;
			remoteGlobalIDString = BA7EF95E1B7109B600204A8E;
			remoteInfo = CryptoboxiOS;
		};
		BA7583F71B7B86F00048FD6A /* PBXContainerItemProxy */ = {
			isa = PBXContainerItemProxy;
			containerPortal = BA7583EF1B7B86F00048FD6A /* Cryptobox.xcodeproj */;
			proxyType = 2;
			remoteGlobalIDString = BA7EF9691B7109B600204A8E;
			remoteInfo = CryptoboxTests;
		};
		BA7583FA1B7B87760048FD6A /* PBXContainerItemProxy */ = {
			isa = PBXContainerItemProxy;
			containerPortal = BA7583EF1B7B86F00048FD6A /* Cryptobox.xcodeproj */;
			proxyType = 1;
			remoteGlobalIDString = BA7447EA1B7A2C35002D9941;
			remoteInfo = UniversalLib;
		};
		BA7EF9E71B7123E100204A8E /* PBXContainerItemProxy */ = {
			isa = PBXContainerItemProxy;
			containerPortal = BA7EF9C51B7123E000204A8E /* Project object */;
			proxyType = 1;
			remoteGlobalIDString = BA7EF9CC1B7123E000204A8E;
			remoteInfo = CryptoboxExample;
		};
/* End PBXContainerItemProxy section */

/* Begin PBXFileReference section */
		BA025FE71B79FCB800139D15 /* cbox.h */ = {isa = PBXFileReference; fileEncoding = 4; lastKnownFileType = sourcecode.c.h; path = cbox.h; sourceTree = "<group>"; };
		BA025FE91B79FCB800139D15 /* core.h */ = {isa = PBXFileReference; fileEncoding = 4; lastKnownFileType = sourcecode.c.h; path = core.h; sourceTree = "<group>"; };
		BA025FEA1B79FCB800139D15 /* crypto_aead_chacha20poly1305.h */ = {isa = PBXFileReference; fileEncoding = 4; lastKnownFileType = sourcecode.c.h; path = crypto_aead_chacha20poly1305.h; sourceTree = "<group>"; };
		BA025FEB1B79FCB800139D15 /* crypto_auth.h */ = {isa = PBXFileReference; fileEncoding = 4; lastKnownFileType = sourcecode.c.h; path = crypto_auth.h; sourceTree = "<group>"; };
		BA025FEC1B79FCB800139D15 /* crypto_auth_hmacsha256.h */ = {isa = PBXFileReference; fileEncoding = 4; lastKnownFileType = sourcecode.c.h; path = crypto_auth_hmacsha256.h; sourceTree = "<group>"; };
		BA025FED1B79FCB800139D15 /* crypto_auth_hmacsha512.h */ = {isa = PBXFileReference; fileEncoding = 4; lastKnownFileType = sourcecode.c.h; path = crypto_auth_hmacsha512.h; sourceTree = "<group>"; };
		BA025FEE1B79FCB800139D15 /* crypto_auth_hmacsha512256.h */ = {isa = PBXFileReference; fileEncoding = 4; lastKnownFileType = sourcecode.c.h; path = crypto_auth_hmacsha512256.h; sourceTree = "<group>"; };
		BA025FEF1B79FCB800139D15 /* crypto_box.h */ = {isa = PBXFileReference; fileEncoding = 4; lastKnownFileType = sourcecode.c.h; path = crypto_box.h; sourceTree = "<group>"; };
		BA025FF01B79FCB800139D15 /* crypto_box_curve25519xsalsa20poly1305.h */ = {isa = PBXFileReference; fileEncoding = 4; lastKnownFileType = sourcecode.c.h; path = crypto_box_curve25519xsalsa20poly1305.h; sourceTree = "<group>"; };
		BA025FF11B79FCB800139D15 /* crypto_core_hsalsa20.h */ = {isa = PBXFileReference; fileEncoding = 4; lastKnownFileType = sourcecode.c.h; path = crypto_core_hsalsa20.h; sourceTree = "<group>"; };
		BA025FF21B79FCB800139D15 /* crypto_core_salsa20.h */ = {isa = PBXFileReference; fileEncoding = 4; lastKnownFileType = sourcecode.c.h; path = crypto_core_salsa20.h; sourceTree = "<group>"; };
		BA025FF31B79FCB800139D15 /* crypto_core_salsa2012.h */ = {isa = PBXFileReference; fileEncoding = 4; lastKnownFileType = sourcecode.c.h; path = crypto_core_salsa2012.h; sourceTree = "<group>"; };
		BA025FF41B79FCB800139D15 /* crypto_core_salsa208.h */ = {isa = PBXFileReference; fileEncoding = 4; lastKnownFileType = sourcecode.c.h; path = crypto_core_salsa208.h; sourceTree = "<group>"; };
		BA025FF51B79FCB800139D15 /* crypto_generichash.h */ = {isa = PBXFileReference; fileEncoding = 4; lastKnownFileType = sourcecode.c.h; path = crypto_generichash.h; sourceTree = "<group>"; };
		BA025FF61B79FCB800139D15 /* crypto_generichash_blake2b.h */ = {isa = PBXFileReference; fileEncoding = 4; lastKnownFileType = sourcecode.c.h; path = crypto_generichash_blake2b.h; sourceTree = "<group>"; };
		BA025FF71B79FCB800139D15 /* crypto_hash.h */ = {isa = PBXFileReference; fileEncoding = 4; lastKnownFileType = sourcecode.c.h; path = crypto_hash.h; sourceTree = "<group>"; };
		BA025FF81B79FCB800139D15 /* crypto_hash_sha256.h */ = {isa = PBXFileReference; fileEncoding = 4; lastKnownFileType = sourcecode.c.h; path = crypto_hash_sha256.h; sourceTree = "<group>"; };
		BA025FF91B79FCB800139D15 /* crypto_hash_sha512.h */ = {isa = PBXFileReference; fileEncoding = 4; lastKnownFileType = sourcecode.c.h; path = crypto_hash_sha512.h; sourceTree = "<group>"; };
		BA025FFA1B79FCB800139D15 /* crypto_int32.h */ = {isa = PBXFileReference; fileEncoding = 4; lastKnownFileType = sourcecode.c.h; path = crypto_int32.h; sourceTree = "<group>"; };
		BA025FFB1B79FCB800139D15 /* crypto_int64.h */ = {isa = PBXFileReference; fileEncoding = 4; lastKnownFileType = sourcecode.c.h; path = crypto_int64.h; sourceTree = "<group>"; };
		BA025FFC1B79FCB800139D15 /* crypto_onetimeauth.h */ = {isa = PBXFileReference; fileEncoding = 4; lastKnownFileType = sourcecode.c.h; path = crypto_onetimeauth.h; sourceTree = "<group>"; };
		BA025FFD1B79FCB800139D15 /* crypto_onetimeauth_poly1305.h */ = {isa = PBXFileReference; fileEncoding = 4; lastKnownFileType = sourcecode.c.h; path = crypto_onetimeauth_poly1305.h; sourceTree = "<group>"; };
		BA025FFE1B79FCB800139D15 /* crypto_pwhash_scryptsalsa208sha256.h */ = {isa = PBXFileReference; fileEncoding = 4; lastKnownFileType = sourcecode.c.h; path = crypto_pwhash_scryptsalsa208sha256.h; sourceTree = "<group>"; };
		BA025FFF1B79FCB800139D15 /* crypto_scalarmult.h */ = {isa = PBXFileReference; fileEncoding = 4; lastKnownFileType = sourcecode.c.h; path = crypto_scalarmult.h; sourceTree = "<group>"; };
		BA0260001B79FCB800139D15 /* crypto_scalarmult_curve25519.h */ = {isa = PBXFileReference; fileEncoding = 4; lastKnownFileType = sourcecode.c.h; path = crypto_scalarmult_curve25519.h; sourceTree = "<group>"; };
		BA0260011B79FCB800139D15 /* crypto_secretbox.h */ = {isa = PBXFileReference; fileEncoding = 4; lastKnownFileType = sourcecode.c.h; path = crypto_secretbox.h; sourceTree = "<group>"; };
		BA0260021B79FCB800139D15 /* crypto_secretbox_xsalsa20poly1305.h */ = {isa = PBXFileReference; fileEncoding = 4; lastKnownFileType = sourcecode.c.h; path = crypto_secretbox_xsalsa20poly1305.h; sourceTree = "<group>"; };
		BA0260031B79FCB800139D15 /* crypto_shorthash.h */ = {isa = PBXFileReference; fileEncoding = 4; lastKnownFileType = sourcecode.c.h; path = crypto_shorthash.h; sourceTree = "<group>"; };
		BA0260041B79FCB800139D15 /* crypto_shorthash_siphash24.h */ = {isa = PBXFileReference; fileEncoding = 4; lastKnownFileType = sourcecode.c.h; path = crypto_shorthash_siphash24.h; sourceTree = "<group>"; };
		BA0260051B79FCB800139D15 /* crypto_sign.h */ = {isa = PBXFileReference; fileEncoding = 4; lastKnownFileType = sourcecode.c.h; path = crypto_sign.h; sourceTree = "<group>"; };
		BA0260061B79FCB800139D15 /* crypto_sign_ed25519.h */ = {isa = PBXFileReference; fileEncoding = 4; lastKnownFileType = sourcecode.c.h; path = crypto_sign_ed25519.h; sourceTree = "<group>"; };
		BA0260071B79FCB800139D15 /* crypto_sign_edwards25519sha512batch.h */ = {isa = PBXFileReference; fileEncoding = 4; lastKnownFileType = sourcecode.c.h; path = crypto_sign_edwards25519sha512batch.h; sourceTree = "<group>"; };
		BA0260081B79FCB800139D15 /* crypto_stream.h */ = {isa = PBXFileReference; fileEncoding = 4; lastKnownFileType = sourcecode.c.h; path = crypto_stream.h; sourceTree = "<group>"; };
		BA0260091B79FCB800139D15 /* crypto_stream_aes128ctr.h */ = {isa = PBXFileReference; fileEncoding = 4; lastKnownFileType = sourcecode.c.h; path = crypto_stream_aes128ctr.h; sourceTree = "<group>"; };
		BA02600A1B79FCB800139D15 /* crypto_stream_chacha20.h */ = {isa = PBXFileReference; fileEncoding = 4; lastKnownFileType = sourcecode.c.h; path = crypto_stream_chacha20.h; sourceTree = "<group>"; };
		BA02600B1B79FCB800139D15 /* crypto_stream_salsa20.h */ = {isa = PBXFileReference; fileEncoding = 4; lastKnownFileType = sourcecode.c.h; path = crypto_stream_salsa20.h; sourceTree = "<group>"; };
		BA02600C1B79FCB800139D15 /* crypto_stream_salsa2012.h */ = {isa = PBXFileReference; fileEncoding = 4; lastKnownFileType = sourcecode.c.h; path = crypto_stream_salsa2012.h; sourceTree = "<group>"; };
		BA02600D1B79FCB800139D15 /* crypto_stream_salsa208.h */ = {isa = PBXFileReference; fileEncoding = 4; lastKnownFileType = sourcecode.c.h; path = crypto_stream_salsa208.h; sourceTree = "<group>"; };
		BA02600E1B79FCB800139D15 /* crypto_stream_xsalsa20.h */ = {isa = PBXFileReference; fileEncoding = 4; lastKnownFileType = sourcecode.c.h; path = crypto_stream_xsalsa20.h; sourceTree = "<group>"; };
		BA02600F1B79FCB800139D15 /* crypto_uint16.h */ = {isa = PBXFileReference; fileEncoding = 4; lastKnownFileType = sourcecode.c.h; path = crypto_uint16.h; sourceTree = "<group>"; };
		BA0260101B79FCB800139D15 /* crypto_uint32.h */ = {isa = PBXFileReference; fileEncoding = 4; lastKnownFileType = sourcecode.c.h; path = crypto_uint32.h; sourceTree = "<group>"; };
		BA0260111B79FCB800139D15 /* crypto_uint64.h */ = {isa = PBXFileReference; fileEncoding = 4; lastKnownFileType = sourcecode.c.h; path = crypto_uint64.h; sourceTree = "<group>"; };
		BA0260121B79FCB800139D15 /* crypto_uint8.h */ = {isa = PBXFileReference; fileEncoding = 4; lastKnownFileType = sourcecode.c.h; path = crypto_uint8.h; sourceTree = "<group>"; };
		BA0260131B79FCB800139D15 /* crypto_verify_16.h */ = {isa = PBXFileReference; fileEncoding = 4; lastKnownFileType = sourcecode.c.h; path = crypto_verify_16.h; sourceTree = "<group>"; };
		BA0260141B79FCB800139D15 /* crypto_verify_32.h */ = {isa = PBXFileReference; fileEncoding = 4; lastKnownFileType = sourcecode.c.h; path = crypto_verify_32.h; sourceTree = "<group>"; };
		BA0260151B79FCB800139D15 /* crypto_verify_64.h */ = {isa = PBXFileReference; fileEncoding = 4; lastKnownFileType = sourcecode.c.h; path = crypto_verify_64.h; sourceTree = "<group>"; };
		BA0260161B79FCB800139D15 /* export.h */ = {isa = PBXFileReference; fileEncoding = 4; lastKnownFileType = sourcecode.c.h; path = export.h; sourceTree = "<group>"; };
		BA0260171B79FCB800139D15 /* randombytes.h */ = {isa = PBXFileReference; fileEncoding = 4; lastKnownFileType = sourcecode.c.h; path = randombytes.h; sourceTree = "<group>"; };
		BA0260181B79FCB800139D15 /* randombytes_salsa20_random.h */ = {isa = PBXFileReference; fileEncoding = 4; lastKnownFileType = sourcecode.c.h; path = randombytes_salsa20_random.h; sourceTree = "<group>"; };
		BA0260191B79FCB800139D15 /* randombytes_sysrandom.h */ = {isa = PBXFileReference; fileEncoding = 4; lastKnownFileType = sourcecode.c.h; path = randombytes_sysrandom.h; sourceTree = "<group>"; };
		BA02601A1B79FCB800139D15 /* runtime.h */ = {isa = PBXFileReference; fileEncoding = 4; lastKnownFileType = sourcecode.c.h; path = runtime.h; sourceTree = "<group>"; };
		BA02601B1B79FCB800139D15 /* utils.h */ = {isa = PBXFileReference; fileEncoding = 4; lastKnownFileType = sourcecode.c.h; path = utils.h; sourceTree = "<group>"; };
		BA02601C1B79FCB800139D15 /* version.h */ = {isa = PBXFileReference; fileEncoding = 4; lastKnownFileType = sourcecode.c.h; path = version.h; sourceTree = "<group>"; };
		BA02601D1B79FCB800139D15 /* sodium.h */ = {isa = PBXFileReference; fileEncoding = 4; lastKnownFileType = sourcecode.c.h; path = sodium.h; sourceTree = "<group>"; };
		BA7583EF1B7B86F00048FD6A /* Cryptobox.xcodeproj */ = {isa = PBXFileReference; lastKnownFileType = "wrapper.pb-project"; name = Cryptobox.xcodeproj; path = ../Cryptobox/Cryptobox.xcodeproj; sourceTree = "<group>"; };
		BA7EF9CD1B7123E000204A8E /* CryptoboxExample.app */ = {isa = PBXFileReference; explicitFileType = wrapper.application; includeInIndex = 0; path = CryptoboxExample.app; sourceTree = BUILT_PRODUCTS_DIR; };
		BA7EF9D11B7123E000204A8E /* Info.plist */ = {isa = PBXFileReference; lastKnownFileType = text.plist.xml; path = Info.plist; sourceTree = "<group>"; };
		BA7EF9D21B7123E000204A8E /* main.m */ = {isa = PBXFileReference; lastKnownFileType = sourcecode.c.objc; path = main.m; sourceTree = "<group>"; };
		BA7EF9D41B7123E000204A8E /* AppDelegate.h */ = {isa = PBXFileReference; lastKnownFileType = sourcecode.c.h; path = AppDelegate.h; sourceTree = "<group>"; };
		BA7EF9D51B7123E000204A8E /* AppDelegate.m */ = {isa = PBXFileReference; lastKnownFileType = sourcecode.c.objc; path = AppDelegate.m; sourceTree = "<group>"; };
		BA7EF9D71B7123E000204A8E /* ViewController.h */ = {isa = PBXFileReference; lastKnownFileType = sourcecode.c.h; path = ViewController.h; sourceTree = "<group>"; };
		BA7EF9D81B7123E000204A8E /* ViewController.m */ = {isa = PBXFileReference; lastKnownFileType = sourcecode.c.objc; path = ViewController.m; sourceTree = "<group>"; };
		BA7EF9DB1B7123E000204A8E /* Base */ = {isa = PBXFileReference; lastKnownFileType = file.storyboard; name = Base; path = Base.lproj/Main.storyboard; sourceTree = "<group>"; };
		BA7EF9DD1B7123E000204A8E /* Images.xcassets */ = {isa = PBXFileReference; lastKnownFileType = folder.assetcatalog; path = Images.xcassets; sourceTree = "<group>"; };
		BA7EF9E01B7123E000204A8E /* Base */ = {isa = PBXFileReference; lastKnownFileType = file.xib; name = Base; path = Base.lproj/LaunchScreen.xib; sourceTree = "<group>"; };
		BA7EF9E61B7123E100204A8E /* CryptoboxExampleTests.xctest */ = {isa = PBXFileReference; explicitFileType = wrapper.cfbundle; includeInIndex = 0; path = CryptoboxExampleTests.xctest; sourceTree = BUILT_PRODUCTS_DIR; };
		BA7EF9EB1B7123E100204A8E /* Info.plist */ = {isa = PBXFileReference; lastKnownFileType = text.plist.xml; path = Info.plist; sourceTree = "<group>"; };
		BA7EF9EC1B7123E100204A8E /* CryptoboxExampleTests.m */ = {isa = PBXFileReference; lastKnownFileType = sourcecode.c.objc; path = CryptoboxExampleTests.m; sourceTree = "<group>"; };
/* End PBXFileReference section */

/* Begin PBXFrameworksBuildPhase section */
		BA7EF9CA1B7123E000204A8E /* Frameworks */ = {
			isa = PBXFrameworksBuildPhase;
			buildActionMask = 2147483647;
			files = (
				BA7583F91B7B87170048FD6A /* libCryptoboxiOS.a in Frameworks */,
			);
			runOnlyForDeploymentPostprocessing = 0;
		};
		BA7EF9E31B7123E100204A8E /* Frameworks */ = {
			isa = PBXFrameworksBuildPhase;
			buildActionMask = 2147483647;
			files = (
			);
			runOnlyForDeploymentPostprocessing = 0;
		};
/* End PBXFrameworksBuildPhase section */

/* Begin PBXGroup section */
		BA025FE51B79FCB800139D15 /* cryptobox-ios */ = {
			isa = PBXGroup;
			children = (
				BA025FE61B79FCB800139D15 /* include */,
			);
			name = "cryptobox-ios";
			path = "../dist/cryptobox-ios";
			sourceTree = "<group>";
		};
		BA025FE61B79FCB800139D15 /* include */ = {
			isa = PBXGroup;
			children = (
				BA025FE71B79FCB800139D15 /* cbox.h */,
				BA025FE81B79FCB800139D15 /* sodium */,
				BA02601D1B79FCB800139D15 /* sodium.h */,
			);
			path = include;
			sourceTree = "<group>";
		};
		BA025FE81B79FCB800139D15 /* sodium */ = {
			isa = PBXGroup;
			children = (
				BA025FE91B79FCB800139D15 /* core.h */,
				BA025FEA1B79FCB800139D15 /* crypto_aead_chacha20poly1305.h */,
				BA025FEB1B79FCB800139D15 /* crypto_auth.h */,
				BA025FEC1B79FCB800139D15 /* crypto_auth_hmacsha256.h */,
				BA025FED1B79FCB800139D15 /* crypto_auth_hmacsha512.h */,
				BA025FEE1B79FCB800139D15 /* crypto_auth_hmacsha512256.h */,
				BA025FEF1B79FCB800139D15 /* crypto_box.h */,
				BA025FF01B79FCB800139D15 /* crypto_box_curve25519xsalsa20poly1305.h */,
				BA025FF11B79FCB800139D15 /* crypto_core_hsalsa20.h */,
				BA025FF21B79FCB800139D15 /* crypto_core_salsa20.h */,
				BA025FF31B79FCB800139D15 /* crypto_core_salsa2012.h */,
				BA025FF41B79FCB800139D15 /* crypto_core_salsa208.h */,
				BA025FF51B79FCB800139D15 /* crypto_generichash.h */,
				BA025FF61B79FCB800139D15 /* crypto_generichash_blake2b.h */,
				BA025FF71B79FCB800139D15 /* crypto_hash.h */,
				BA025FF81B79FCB800139D15 /* crypto_hash_sha256.h */,
				BA025FF91B79FCB800139D15 /* crypto_hash_sha512.h */,
				BA025FFA1B79FCB800139D15 /* crypto_int32.h */,
				BA025FFB1B79FCB800139D15 /* crypto_int64.h */,
				BA025FFC1B79FCB800139D15 /* crypto_onetimeauth.h */,
				BA025FFD1B79FCB800139D15 /* crypto_onetimeauth_poly1305.h */,
				BA025FFE1B79FCB800139D15 /* crypto_pwhash_scryptsalsa208sha256.h */,
				BA025FFF1B79FCB800139D15 /* crypto_scalarmult.h */,
				BA0260001B79FCB800139D15 /* crypto_scalarmult_curve25519.h */,
				BA0260011B79FCB800139D15 /* crypto_secretbox.h */,
				BA0260021B79FCB800139D15 /* crypto_secretbox_xsalsa20poly1305.h */,
				BA0260031B79FCB800139D15 /* crypto_shorthash.h */,
				BA0260041B79FCB800139D15 /* crypto_shorthash_siphash24.h */,
				BA0260051B79FCB800139D15 /* crypto_sign.h */,
				BA0260061B79FCB800139D15 /* crypto_sign_ed25519.h */,
				BA0260071B79FCB800139D15 /* crypto_sign_edwards25519sha512batch.h */,
				BA0260081B79FCB800139D15 /* crypto_stream.h */,
				BA0260091B79FCB800139D15 /* crypto_stream_aes128ctr.h */,
				BA02600A1B79FCB800139D15 /* crypto_stream_chacha20.h */,
				BA02600B1B79FCB800139D15 /* crypto_stream_salsa20.h */,
				BA02600C1B79FCB800139D15 /* crypto_stream_salsa2012.h */,
				BA02600D1B79FCB800139D15 /* crypto_stream_salsa208.h */,
				BA02600E1B79FCB800139D15 /* crypto_stream_xsalsa20.h */,
				BA02600F1B79FCB800139D15 /* crypto_uint16.h */,
				BA0260101B79FCB800139D15 /* crypto_uint32.h */,
				BA0260111B79FCB800139D15 /* crypto_uint64.h */,
				BA0260121B79FCB800139D15 /* crypto_uint8.h */,
				BA0260131B79FCB800139D15 /* crypto_verify_16.h */,
				BA0260141B79FCB800139D15 /* crypto_verify_32.h */,
				BA0260151B79FCB800139D15 /* crypto_verify_64.h */,
				BA0260161B79FCB800139D15 /* export.h */,
				BA0260171B79FCB800139D15 /* randombytes.h */,
				BA0260181B79FCB800139D15 /* randombytes_salsa20_random.h */,
				BA0260191B79FCB800139D15 /* randombytes_sysrandom.h */,
				BA02601A1B79FCB800139D15 /* runtime.h */,
				BA02601B1B79FCB800139D15 /* utils.h */,
				BA02601C1B79FCB800139D15 /* version.h */,
			);
			path = sodium;
			sourceTree = "<group>";
		};
		BA7583F01B7B86F00048FD6A /* Products */ = {
			isa = PBXGroup;
			children = (
				BA7583F61B7B86F00048FD6A /* libCryptoboxiOS.a */,
				BA7583F81B7B86F00048FD6A /* CryptoboxTests.xctest */,
			);
			name = Products;
			sourceTree = "<group>";
		};
		BA7EF9C41B7123E000204A8E = {
			isa = PBXGroup;
			children = (
				BA7583EF1B7B86F00048FD6A /* Cryptobox.xcodeproj */,
				BA025FE51B79FCB800139D15 /* cryptobox-ios */,
				BA7EF9CF1B7123E000204A8E /* CryptoboxExample */,
				BA7EF9E91B7123E100204A8E /* CryptoboxExampleTests */,
				BA7EF9CE1B7123E000204A8E /* Products */,
			);
			sourceTree = "<group>";
		};
		BA7EF9CE1B7123E000204A8E /* Products */ = {
			isa = PBXGroup;
			children = (
				BA7EF9CD1B7123E000204A8E /* CryptoboxExample.app */,
				BA7EF9E61B7123E100204A8E /* CryptoboxExampleTests.xctest */,
			);
			name = Products;
			sourceTree = "<group>";
		};
		BA7EF9CF1B7123E000204A8E /* CryptoboxExample */ = {
			isa = PBXGroup;
			children = (
				BA7EF9D41B7123E000204A8E /* AppDelegate.h */,
				BA7EF9D51B7123E000204A8E /* AppDelegate.m */,
				BA7EF9D71B7123E000204A8E /* ViewController.h */,
				BA7EF9D81B7123E000204A8E /* ViewController.m */,
				BA7EF9DA1B7123E000204A8E /* Main.storyboard */,
				BA7EF9DD1B7123E000204A8E /* Images.xcassets */,
				BA7EF9DF1B7123E000204A8E /* LaunchScreen.xib */,
				BA7EF9D01B7123E000204A8E /* Supporting Files */,
			);
			path = CryptoboxExample;
			sourceTree = "<group>";
		};
		BA7EF9D01B7123E000204A8E /* Supporting Files */ = {
			isa = PBXGroup;
			children = (
				BA7EF9D11B7123E000204A8E /* Info.plist */,
				BA7EF9D21B7123E000204A8E /* main.m */,
			);
			name = "Supporting Files";
			sourceTree = "<group>";
		};
		BA7EF9E91B7123E100204A8E /* CryptoboxExampleTests */ = {
			isa = PBXGroup;
			children = (
				BA7EF9EC1B7123E100204A8E /* CryptoboxExampleTests.m */,
				BA7EF9EA1B7123E100204A8E /* Supporting Files */,
			);
			path = CryptoboxExampleTests;
			sourceTree = "<group>";
		};
		BA7EF9EA1B7123E100204A8E /* Supporting Files */ = {
			isa = PBXGroup;
			children = (
				BA7EF9EB1B7123E100204A8E /* Info.plist */,
			);
			name = "Supporting Files";
			sourceTree = "<group>";
		};
/* End PBXGroup section */

/* Begin PBXNativeTarget section */
		BA7EF9CC1B7123E000204A8E /* CryptoboxExample */ = {
			isa = PBXNativeTarget;
			buildConfigurationList = BA7EF9F01B7123E100204A8E /* Build configuration list for PBXNativeTarget "CryptoboxExample" */;
			buildPhases = (
				BA7EF9C91B7123E000204A8E /* Sources */,
				BA7EF9CA1B7123E000204A8E /* Frameworks */,
				BA7EF9CB1B7123E000204A8E /* Resources */,
			);
			buildRules = (
			);
			dependencies = (
				BA7583FB1B7B87760048FD6A /* PBXTargetDependency */,
			);
			name = CryptoboxExample;
			productName = CryptoboxExample;
			productReference = BA7EF9CD1B7123E000204A8E /* CryptoboxExample.app */;
			productType = "com.apple.product-type.application";
		};
		BA7EF9E51B7123E100204A8E /* CryptoboxExampleTests */ = {
			isa = PBXNativeTarget;
			buildConfigurationList = BA7EF9F31B7123E100204A8E /* Build configuration list for PBXNativeTarget "CryptoboxExampleTests" */;
			buildPhases = (
				BA7EF9E21B7123E100204A8E /* Sources */,
				BA7EF9E31B7123E100204A8E /* Frameworks */,
				BA7EF9E41B7123E100204A8E /* Resources */,
			);
			buildRules = (
			);
			dependencies = (
				BA7EF9E81B7123E100204A8E /* PBXTargetDependency */,
			);
			name = CryptoboxExampleTests;
			productName = CryptoboxExampleTests;
			productReference = BA7EF9E61B7123E100204A8E /* CryptoboxExampleTests.xctest */;
			productType = "com.apple.product-type.bundle.unit-test";
		};
/* End PBXNativeTarget section */

/* Begin PBXProject section */
		BA7EF9C51B7123E000204A8E /* Project object */ = {
			isa = PBXProject;
			attributes = {
				LastUpgradeCheck = 0640;
				ORGANIZATIONNAME = Cryptobox;
				TargetAttributes = {
					BA7EF9CC1B7123E000204A8E = {
						CreatedOnToolsVersion = 6.4;
					};
					BA7EF9E51B7123E100204A8E = {
						CreatedOnToolsVersion = 6.4;
						TestTargetID = BA7EF9CC1B7123E000204A8E;
					};
				};
			};
			buildConfigurationList = BA7EF9C81B7123E000204A8E /* Build configuration list for PBXProject "CryptoboxExample" */;
			compatibilityVersion = "Xcode 3.2";
			developmentRegion = English;
			hasScannedForEncodings = 0;
			knownRegions = (
				en,
				Base,
			);
			mainGroup = BA7EF9C41B7123E000204A8E;
			productRefGroup = BA7EF9CE1B7123E000204A8E /* Products */;
			projectDirPath = "";
			projectReferences = (
				{
					ProductGroup = BA7583F01B7B86F00048FD6A /* Products */;
					ProjectRef = BA7583EF1B7B86F00048FD6A /* Cryptobox.xcodeproj */;
				},
			);
			projectRoot = "";
			targets = (
				BA7EF9CC1B7123E000204A8E /* CryptoboxExample */,
				BA7EF9E51B7123E100204A8E /* CryptoboxExampleTests */,
			);
		};
/* End PBXProject section */

/* Begin PBXReferenceProxy section */
		BA7583F61B7B86F00048FD6A /* libCryptoboxiOS.a */ = {
			isa = PBXReferenceProxy;
			fileType = archive.ar;
			path = libCryptoboxiOS.a;
			remoteRef = BA7583F51B7B86F00048FD6A /* PBXContainerItemProxy */;
			sourceTree = BUILT_PRODUCTS_DIR;
		};
		BA7583F81B7B86F00048FD6A /* CryptoboxTests.xctest */ = {
			isa = PBXReferenceProxy;
			fileType = wrapper.cfbundle;
			path = CryptoboxTests.xctest;
			remoteRef = BA7583F71B7B86F00048FD6A /* PBXContainerItemProxy */;
			sourceTree = BUILT_PRODUCTS_DIR;
		};
/* End PBXReferenceProxy section */

/* Begin PBXResourcesBuildPhase section */
		BA7EF9CB1B7123E000204A8E /* Resources */ = {
			isa = PBXResourcesBuildPhase;
			buildActionMask = 2147483647;
			files = (
				BA7EF9DC1B7123E000204A8E /* Main.storyboard in Resources */,
				BA7EF9E11B7123E000204A8E /* LaunchScreen.xib in Resources */,
				BA7EF9DE1B7123E000204A8E /* Images.xcassets in Resources */,
			);
			runOnlyForDeploymentPostprocessing = 0;
		};
		BA7EF9E41B7123E100204A8E /* Resources */ = {
			isa = PBXResourcesBuildPhase;
			buildActionMask = 2147483647;
			files = (
			);
			runOnlyForDeploymentPostprocessing = 0;
		};
/* End PBXResourcesBuildPhase section */

/* Begin PBXSourcesBuildPhase section */
		BA7EF9C91B7123E000204A8E /* Sources */ = {
			isa = PBXSourcesBuildPhase;
			buildActionMask = 2147483647;
			files = (
				BA7EF9D91B7123E000204A8E /* ViewController.m in Sources */,
				BA7EF9D61B7123E000204A8E /* AppDelegate.m in Sources */,
				BA7EF9D31B7123E000204A8E /* main.m in Sources */,
			);
			runOnlyForDeploymentPostprocessing = 0;
		};
		BA7EF9E21B7123E100204A8E /* Sources */ = {
			isa = PBXSourcesBuildPhase;
			buildActionMask = 2147483647;
			files = (
				BA7EF9ED1B7123E100204A8E /* CryptoboxExampleTests.m in Sources */,
			);
			runOnlyForDeploymentPostprocessing = 0;
		};
/* End PBXSourcesBuildPhase section */

/* Begin PBXTargetDependency section */
		BA7583FB1B7B87760048FD6A /* PBXTargetDependency */ = {
			isa = PBXTargetDependency;
			name = UniversalLib;
			targetProxy = BA7583FA1B7B87760048FD6A /* PBXContainerItemProxy */;
		};
		BA7EF9E81B7123E100204A8E /* PBXTargetDependency */ = {
			isa = PBXTargetDependency;
			target = BA7EF9CC1B7123E000204A8E /* CryptoboxExample */;
			targetProxy = BA7EF9E71B7123E100204A8E /* PBXContainerItemProxy */;
		};
/* End PBXTargetDependency section */

/* Begin PBXVariantGroup section */
		BA7EF9DA1B7123E000204A8E /* Main.storyboard */ = {
			isa = PBXVariantGroup;
			children = (
				BA7EF9DB1B7123E000204A8E /* Base */,
			);
			name = Main.storyboard;
			sourceTree = "<group>";
		};
		BA7EF9DF1B7123E000204A8E /* LaunchScreen.xib */ = {
			isa = PBXVariantGroup;
			children = (
				BA7EF9E01B7123E000204A8E /* Base */,
			);
			name = LaunchScreen.xib;
			sourceTree = "<group>";
		};
/* End PBXVariantGroup section */

/* Begin XCBuildConfiguration section */
		BA7EF9EE1B7123E100204A8E /* Debug */ = {
			isa = XCBuildConfiguration;
			buildSettings = {
				ALWAYS_SEARCH_USER_PATHS = NO;
				CLANG_CXX_LANGUAGE_STANDARD = "gnu++0x";
				CLANG_CXX_LIBRARY = "libc++";
				CLANG_ENABLE_MODULES = YES;
				CLANG_ENABLE_OBJC_ARC = YES;
				CLANG_WARN_BOOL_CONVERSION = YES;
				CLANG_WARN_CONSTANT_CONVERSION = YES;
				CLANG_WARN_DIRECT_OBJC_ISA_USAGE = YES_ERROR;
				CLANG_WARN_EMPTY_BODY = YES;
				CLANG_WARN_ENUM_CONVERSION = YES;
				CLANG_WARN_INT_CONVERSION = YES;
				CLANG_WARN_OBJC_ROOT_CLASS = YES_ERROR;
				CLANG_WARN_UNREACHABLE_CODE = YES;
				CLANG_WARN__DUPLICATE_METHOD_MATCH = YES;
				"CODE_SIGN_IDENTITY[sdk=iphoneos*]" = "iPhone Developer";
				COPY_PHASE_STRIP = NO;
				DEBUG_INFORMATION_FORMAT = "dwarf-with-dsym";
				ENABLE_STRICT_OBJC_MSGSEND = YES;
				GCC_C_LANGUAGE_STANDARD = gnu99;
				GCC_DYNAMIC_NO_PIC = NO;
				GCC_NO_COMMON_BLOCKS = YES;
				GCC_OPTIMIZATION_LEVEL = 0;
				GCC_PREPROCESSOR_DEFINITIONS = (
					"DEBUG=1",
					"$(inherited)",
				);
				GCC_SYMBOLS_PRIVATE_EXTERN = NO;
				GCC_WARN_64_TO_32_BIT_CONVERSION = YES;
				GCC_WARN_ABOUT_RETURN_TYPE = YES_ERROR;
				GCC_WARN_UNDECLARED_SELECTOR = YES;
				GCC_WARN_UNINITIALIZED_AUTOS = YES_AGGRESSIVE;
				GCC_WARN_UNUSED_FUNCTION = YES;
				GCC_WARN_UNUSED_VARIABLE = YES;
				IPHONEOS_DEPLOYMENT_TARGET = 8.4;
				MTL_ENABLE_DEBUG_INFO = YES;
				ONLY_ACTIVE_ARCH = YES;
				SDKROOT = iphoneos;
			};
			name = Debug;
		};
		BA7EF9EF1B7123E100204A8E /* Release */ = {
			isa = XCBuildConfiguration;
			buildSettings = {
				ALWAYS_SEARCH_USER_PATHS = NO;
				CLANG_CXX_LANGUAGE_STANDARD = "gnu++0x";
				CLANG_CXX_LIBRARY = "libc++";
				CLANG_ENABLE_MODULES = YES;
				CLANG_ENABLE_OBJC_ARC = YES;
				CLANG_WARN_BOOL_CONVERSION = YES;
				CLANG_WARN_CONSTANT_CONVERSION = YES;
				CLANG_WARN_DIRECT_OBJC_ISA_USAGE = YES_ERROR;
				CLANG_WARN_EMPTY_BODY = YES;
				CLANG_WARN_ENUM_CONVERSION = YES;
				CLANG_WARN_INT_CONVERSION = YES;
				CLANG_WARN_OBJC_ROOT_CLASS = YES_ERROR;
				CLANG_WARN_UNREACHABLE_CODE = YES;
				CLANG_WARN__DUPLICATE_METHOD_MATCH = YES;
				"CODE_SIGN_IDENTITY[sdk=iphoneos*]" = "iPhone Developer";
				COPY_PHASE_STRIP = NO;
				DEBUG_INFORMATION_FORMAT = "dwarf-with-dsym";
				ENABLE_NS_ASSERTIONS = NO;
				ENABLE_STRICT_OBJC_MSGSEND = YES;
				GCC_C_LANGUAGE_STANDARD = gnu99;
				GCC_NO_COMMON_BLOCKS = YES;
				GCC_WARN_64_TO_32_BIT_CONVERSION = YES;
				GCC_WARN_ABOUT_RETURN_TYPE = YES_ERROR;
				GCC_WARN_UNDECLARED_SELECTOR = YES;
				GCC_WARN_UNINITIALIZED_AUTOS = YES_AGGRESSIVE;
				GCC_WARN_UNUSED_FUNCTION = YES;
				GCC_WARN_UNUSED_VARIABLE = YES;
				IPHONEOS_DEPLOYMENT_TARGET = 8.4;
				MTL_ENABLE_DEBUG_INFO = NO;
				SDKROOT = iphoneos;
				VALIDATE_PRODUCT = YES;
			};
			name = Release;
		};
		BA7EF9F11B7123E100204A8E /* Debug */ = {
			isa = XCBuildConfiguration;
			buildSettings = {
				ASSETCATALOG_COMPILER_APPICON_NAME = AppIcon;
				INFOPLIST_FILE = CryptoboxExample/Info.plist;
				LD_RUNPATH_SEARCH_PATHS = "$(inherited) @executable_path/Frameworks";
				LIBRARY_SEARCH_PATHS = (
					"$(inherited)",
					"/Users/azeta/Documents/Development/cryptobox-ios/dist/cryptobox-ios/lib",
				);
				OTHER_LDFLAGS = "-ObjC";
				PRODUCT_NAME = "$(TARGET_NAME)";
			};
			name = Debug;
		};
		BA7EF9F21B7123E100204A8E /* Release */ = {
			isa = XCBuildConfiguration;
			buildSettings = {
				ASSETCATALOG_COMPILER_APPICON_NAME = AppIcon;
				INFOPLIST_FILE = CryptoboxExample/Info.plist;
				LD_RUNPATH_SEARCH_PATHS = "$(inherited) @executable_path/Frameworks";
				LIBRARY_SEARCH_PATHS = (
					"$(inherited)",
					"/Users/azeta/Documents/Development/cryptobox-ios/dist/cryptobox-ios/lib",
				);
				OTHER_LDFLAGS = "-ObjC";
				PRODUCT_NAME = "$(TARGET_NAME)";
			};
			name = Release;
		};
		BA7EF9F41B7123E100204A8E /* Debug */ = {
			isa = XCBuildConfiguration;
			buildSettings = {
				BUNDLE_LOADER = "$(TEST_HOST)";
				FRAMEWORK_SEARCH_PATHS = (
					"$(SDKROOT)/Developer/Library/Frameworks",
					"$(inherited)",
				);
				GCC_PREPROCESSOR_DEFINITIONS = (
					"DEBUG=1",
					"$(inherited)",
				);
				INFOPLIST_FILE = CryptoboxExampleTests/Info.plist;
				LD_RUNPATH_SEARCH_PATHS = "$(inherited) @executable_path/Frameworks @loader_path/Frameworks";
				PRODUCT_NAME = "$(TARGET_NAME)";
				TEST_HOST = "$(BUILT_PRODUCTS_DIR)/CryptoboxExample.app/CryptoboxExample";
			};
			name = Debug;
		};
		BA7EF9F51B7123E100204A8E /* Release */ = {
			isa = XCBuildConfiguration;
			buildSettings = {
				BUNDLE_LOADER = "$(TEST_HOST)";
				FRAMEWORK_SEARCH_PATHS = (
					"$(SDKROOT)/Developer/Library/Frameworks",
					"$(inherited)",
				);
				INFOPLIST_FILE = CryptoboxExampleTests/Info.plist;
				LD_RUNPATH_SEARCH_PATHS = "$(inherited) @executable_path/Frameworks @loader_path/Frameworks";
				PRODUCT_NAME = "$(TARGET_NAME)";
				TEST_HOST = "$(BUILT_PRODUCTS_DIR)/CryptoboxExample.app/CryptoboxExample";
			};
			name = Release;
		};
/* End XCBuildConfiguration section */

/* Begin XCConfigurationList section */
		BA7EF9C81B7123E000204A8E /* Build configuration list for PBXProject "CryptoboxExample" */ = {
			isa = XCConfigurationList;
			buildConfigurations = (
				BA7EF9EE1B7123E100204A8E /* Debug */,
				BA7EF9EF1B7123E100204A8E /* Release */,
			);
			defaultConfigurationIsVisible = 0;
			defaultConfigurationName = Release;
		};
		BA7EF9F01B7123E100204A8E /* Build configuration list for PBXNativeTarget "CryptoboxExample" */ = {
			isa = XCConfigurationList;
			buildConfigurations = (
				BA7EF9F11B7123E100204A8E /* Debug */,
				BA7EF9F21B7123E100204A8E /* Release */,
			);
			defaultConfigurationIsVisible = 0;
			defaultConfigurationName = Release;
		};
		BA7EF9F31B7123E100204A8E /* Build configuration list for PBXNativeTarget "CryptoboxExampleTests" */ = {
			isa = XCConfigurationList;
			buildConfigurations = (
				BA7EF9F41B7123E100204A8E /* Debug */,
				BA7EF9F51B7123E100204A8E /* Release */,
			);
			defaultConfigurationIsVisible = 0;
			defaultConfigurationName = Release;
		};
/* End XCConfigurationList section */
	};
	rootObject = BA7EF9C51B7123E000204A8E /* Project object */;
}
